
Microsoft Visual Studio Solution File, Format Version 12.00
# Visual Studio Version 17
VisualStudioVersion = 17.0.31919.166
MinimumVisualStudioVersion = 10.0.40219.1
Project("{9A19103F-16F7-4668-BE54-9A1E7A4F7556}") = "PolymorphicStructsSourceGenerators", "PolymorphicStructsSourceGenerators\PolymorphicStructsSourceGenerators.csproj", "{454B6834-A6FC-432C-A3EF-702EFA899A7F}"
EndProject
Global
	GlobalSection(SolutionConfigurationPlatforms) = preSolution
		Debug|Any CPU = Debug|Any CPU
		Release|Any CPU = Release|Any CPU
	EndGlobalSection
	GlobalSection(ProjectConfigurationPlatforms) = postSolution
		{454B6834-A6FC-432C-A3EF-702EFA899A7F}.Debug|Any CPU.ActiveCfg = Debug|Any CPU
		{454B6834-A6FC-432C-A3EF-702EFA899A7F}.Debug|Any CPU.Build.0 = Debug|Any CPU
		{454B6834-A6FC-432C-A3EF-702EFA899A7F}.Release|Any CPU.ActiveCfg = Release|Any CPU
		{454B6834-A6FC-432C-A3EF-702EFA899A7F}.Release|Any CPU.Build.0 = Release|Any CPU
	EndGlobalSection
	GlobalSection(SolutionProperties) = preSolution
		HideSolutionNode = FALSE
	EndGlobalSection
	GlobalSection(ExtensibilityGlobals) = postSolution
		SolutionGuid = {C2E19360-9CA5-4957-AB7F-28876225DC27}
	EndGlobalSection
EndGlobal
